dependencies:
- name: prometheus-operator-crds
  repository: https://prometheus-community.github.io/helm-charts
  version: 6.0.0
- name: kube-prometheus-stack
  repository: https://prometheus-community.github.io/helm-charts
  version: 52.1.0
- name: longhorn
  repository: https://charts.longhorn.io
  version: 1.5.2
digest: sha256:01daee924ded94ae972a268ed0aa60bb7525fd24585a44c1795d0dcf7eea19a2
generated: "2023-11-04T01:15:28.635603Z"
